<?xml version="1.0" encoding="utf-8"?>
<Project ToolsVersion="4.0" xmlns="http://schemas.microsoft.com/developer/msbuild/2003">
  <ItemGroup>
    <Filter Include="Source Files">
      <UniqueIdentifier>{4FC737F1-C7A5-4376-A066-2A32D752A2FF}</UniqueIdentifier>
      <Extensions>cpp;c;cc;cxx;def;odl;idl;hpj;bat;asm;asmx</Extensions>
    </Filter>
    <Filter Include="Header Files">
      <UniqueIdentifier>{93995380-89BD-4b04-88EB-625FBE52EBFB}</UniqueIdentifier>
      <Extensions>h;hh;hpp;hxx;hm;inl;inc;xsd</Extensions>
    </Filter>
    <Filter Include="Resource Files">
      <UniqueIdentifier>{67DA6AB6-F800-4c08-8B7A-83BB121AAD01}</UniqueIdentifier>
      <Extensions>rc;ico;cur;bmp;dlg;rc2;rct;bin;rgs;gif;jpg;jpeg;jpe;resx;tiff;tif;png;wav;mfcribbon-ms</Extensions>
    </Filter>
  </ItemGroup>
  <ItemGroup>
    <ClCompile Include="Shooterman.cpp">
      <Filter>Source Files</Filter>
    </ClCompile>
    <ClCompile Include="Client\GUI\Gui.cpp">
      <Filter>Source Files</Filter>
    </ClCompile>
    <ClCompile Include="Client\Input\Input.cpp">
      <Filter>Source Files</Filter>
    </ClCompile>
    <ClCompile Include="Client\Main\ClientMain.cpp">
      <Filter>Source Files</Filter>
    </ClCompile>
    <ClCompile Include="Client\MessageHandler\MessageHandler.cpp">
      <Filter>Source Files</Filter>
    </ClCompile>
    <ClCompile Include="Server\Main\GameLoop.cpp">
      <Filter>Source Files</Filter>
    </ClCompile>
    <ClCompile Include="Client\Sound\Sound.cpp">
      <Filter>Source Files</Filter>
    </ClCompile>
    <ClCompile Include="Client\GUI\SpriteManager.cpp">
      <Filter>Source Files</Filter>
    </ClCompile>
  </ItemGroup>
  <ItemGroup>
    <ClInclude Include="Client\GUI\Gui.h">
      <Filter>Header Files</Filter>
    </ClInclude>
    <ClInclude Include="Client\Input\Input.h">
      <Filter>Header Files</Filter>
    </ClInclude>
    <ClInclude Include="Client\Main\ClientMain.h">
      <Filter>Header Files</Filter>
    </ClInclude>
    <ClInclude Include="Client\MessageHandler\MessageHandler.h">
      <Filter>Header Files</Filter>
    </ClInclude>
    <ClInclude Include="Common\KeyBindings.h">
      <Filter>Header Files</Filter>
    </ClInclude>
    <ClInclude Include="Common\MessageId.h">
      <Filter>Header Files</Filter>
    </ClInclude>
    <ClInclude Include="Common\Subscriber.h">
      <Filter>Header Files</Filter>
    </ClInclude>
    <ClInclude Include="Server\Main\GameLoop.h">
      <Filter>Header Files</Filter>
    </ClInclude>
    <ClInclude Include="Client\Sound\Sound.h">
      <Filter>Header Files</Filter>
    </ClInclude>
    <ClInclude Include="Client\GUI\SpriteManager.h">
      <Filter>Header Files</Filter>
    </ClInclude>
  </ItemGroup>
</Project>